{
  "name": "lichenbazi",
  "version": "1.0.0",
  "lockfileVersion": 2,
  "requires": true,
  "packages": {
    "": {
      "name": "lichenbazi",
      "version": "1.0.0",
      "license": "ISC",
      "dependencies": {
        "lunar-javascript": "^1.2.33"
      }
    },
    "node_modules/lunar-javascript": {
      "version": "1.2.33",
      "resolved": "https://registry.npmjs.org/lunar-javascript/-/lunar-javascript-1.2.33.tgz",
      "integrity": "sha512-jwek6ZO9gORVcLr/9MJB7atGbzdGbsKRd+liPKapO+49YwSYCajfJ7hu6iWwJydOZhdU38viMublcjwWm0qWog=="
    }
  },
  "dependencies": {
    "lunar-javascript": {
      "version": "1.2.33",
      "resolved": "https://registry.npmjs.org/lunar-javascript/-/lunar-javascript-1.2.33.tgz",
      "integrity": "sha512-jwek6ZO9gORVcLr/9MJB7atGbzdGbsKRd+liPKapO+49YwSYCajfJ7hu6iWwJydOZhdU38viMublcjwWm0qWog=="
    }
  }
}
